
Microsoft Visual Studio Solution File, Format Version 12.00
# Visual Studio Version 17
VisualStudioVersion = 17.4.33213.308
MinimumVisualStudioVersion = 10.0.40219.1
Project("{FAE04EC0-301F-11D3-BF4B-00C04F79EFBC}") = "ADOProject_API", "ADOProject_API.csproj", "{FCE24773-5F51-4ECA-9459-4DBD9D2408CB}"
EndProject
Global
	GlobalSection(SolutionConfigurationPlatforms) = preSolution
		Debug|Any CPU = Debug|Any CPU
		Release|Any CPU = Release|Any CPU
	EndGlobalSection
	GlobalSection(ProjectConfigurationPlatforms) = postSolution
		{FCE24773-5F51-4ECA-9459-4DBD9D2408CB}.Debug|Any CPU.ActiveCfg = Debug|Any CPU
		{FCE24773-5F51-4ECA-9459-4DBD9D2408CB}.Debug|Any CPU.Build.0 = Debug|Any CPU
		{FCE24773-5F51-4ECA-9459-4DBD9D2408CB}.Release|Any CPU.ActiveCfg = Release|Any CPU
		{FCE24773-5F51-4ECA-9459-4DBD9D2408CB}.Release|Any CPU.Build.0 = Release|Any CPU
	EndGlobalSection
	GlobalSection(SolutionProperties) = preSolution
		HideSolutionNode = FALSE
	EndGlobalSection
	GlobalSection(ExtensibilityGlobals) = postSolution
		SolutionGuid = {419285F6-C2F9-40A5-B775-247706005935}
	EndGlobalSection
EndGlobal
